# This file is automatically @generated by Cargo.
# It is not intended for manual editing.
[[package]]
name = "1"
version = "0.1.0"

[[package]]
name = "1_1"
version = "0.1.0"

[[package]]
name = "1_2"
version = "0.1.0"

[[package]]
name = "1_3"
version = "0.1.0"

[[package]]
name = "1_4"
version = "0.1.0"

[[package]]
name = "1_5"
version = "0.1.0"

[[package]]
name = "1_6"
version = "0.1.0"

[[package]]
name = "1_7"
version = "0.1.0"

[[package]]
name = "1_8"
version = "0.1.0"

[[package]]
name = "1_9"
version = "0.1.0"

[[package]]
name = "2"
version = "0.1.0"

[[package]]
name = "2_1"
version = "0.1.0"

[[package]]
name = "2_2"
version = "0.1.0"

[[package]]
name = "2_3"
version = "0.1.0"

[[package]]
name = "2_4"
version = "0.1.0"

[[package]]
name = "3"
version = "0.1.0"

[[package]]
name = "3_1"
version = "0.1.0"

[[package]]
name = "3_10"
version = "0.1.0"

[[package]]
name = "3_11"
version = "0.1.0"

[[package]]
name = "3_12"
version = "0.1.0"

[[package]]
name = "3_2"
version = "0.1.0"

[[package]]
name = "3_3"
version = "0.1.0"

[[package]]
name = "3_4"
version = "0.1.0"

[[package]]
name = "3_5"
version = "0.1.0"

[[package]]
name = "3_6"
version = "0.1.0"

[[package]]
name = "3_7"
version = "0.1.0"

[[package]]
name = "3_8"
version = "0.1.0"

[[package]]
name = "3_9"
version = "0.1.0"

