# This file is automatically @generated by Cargo.
# It is not intended for manual editing.
[[package]]
name = "step_1"
version = "0.1.0"

[[package]]
name = "step_1_1"
version = "0.1.0"

[[package]]
name = "step_1_2"
version = "0.1.0"

[[package]]
name = "step_1_3"
version = "0.1.0"

[[package]]
name = "step_1_4"
version = "0.1.0"

[[package]]
name = "step_1_5"
version = "0.1.0"

[[package]]
name = "step_1_6"
version = "0.1.0"

[[package]]
name = "step_1_7"
version = "0.1.0"

[[package]]
name = "step_1_8"
version = "0.1.0"

[[package]]
name = "step_1_9"
version = "0.1.0"

[[package]]
name = "step_2"
version = "0.1.0"

[[package]]
name = "step_2_1"
version = "0.1.0"

[[package]]
name = "step_2_2"
version = "0.1.0"

[[package]]
name = "step_2_3"
version = "0.1.0"

[[package]]
name = "step_2_4"
version = "0.1.0"

[[package]]
name = "step_3"
version = "0.1.0"

[[package]]
name = "step_3_1"
version = "0.1.0"

[[package]]
name = "step_3_10"
version = "0.1.0"

[[package]]
name = "step_3_11"
version = "0.1.0"

[[package]]
name = "step_3_12"
version = "0.1.0"

[[package]]
name = "step_3_2"
version = "0.1.0"

[[package]]
name = "step_3_3"
version = "0.1.0"

[[package]]
name = "step_3_4"
version = "0.1.0"

[[package]]
name = "step_3_5"
version = "0.1.0"

[[package]]
name = "step_3_6"
version = "0.1.0"

[[package]]
name = "step_3_7"
version = "0.1.0"

[[package]]
name = "step_3_8"
version = "0.1.0"

[[package]]
name = "step_3_9"
version = "0.1.0"

